
Microsoft Visual Studio Solution File, Format Version 12.00
# Visual Studio Version 16
VisualStudioVersion = 16.0.29709.97
MinimumVisualStudioVersion = 10.0.40219.1
Project("{9A19103F-16F7-4668-BE54-9A1E7A4F7556}") = "Shop_1.0", "Shop_1.0\Shop_1.0.csproj", "{040EFDE4-F22F-483B-AB00-27CC273CB5F9}"
EndProject
Global
	GlobalSection(SolutionConfigurationPlatforms) = preSolution
		Debug|Any CPU = Debug|Any CPU
		Release|Any CPU = Release|Any CPU
	EndGlobalSection
	GlobalSection(ProjectConfigurationPlatforms) = postSolution
		{040EFDE4-F22F-483B-AB00-27CC273CB5F9}.Debug|Any CPU.ActiveCfg = Debug|Any CPU
		{040EFDE4-F22F-483B-AB00-27CC273CB5F9}.Debug|Any CPU.Build.0 = Debug|Any CPU
		{040EFDE4-F22F-483B-AB00-27CC273CB5F9}.Release|Any CPU.ActiveCfg = Release|Any CPU
		{040EFDE4-F22F-483B-AB00-27CC273CB5F9}.Release|Any CPU.Build.0 = Release|Any CPU
	EndGlobalSection
	GlobalSection(SolutionProperties) = preSolution
		HideSolutionNode = FALSE
	EndGlobalSection
	GlobalSection(ExtensibilityGlobals) = postSolution
		SolutionGuid = {6EA79DB0-19BB-4B89-B76D-195A4A93E046}
	EndGlobalSection
EndGlobal
